
Microsoft Visual Studio Solution File, Format Version 12.00
# Visual Studio Version 16
VisualStudioVersion = 16.0.30523.141
MinimumVisualStudioVersion = 10.0.40219.1
Project("{FAE04EC0-301F-11D3-BF4B-00C04F79EFBC}") = "MusicDiscordBot", "MusicDiscordBot\MusicDiscordBot.csproj", "{2E20945E-4055-468B-B256-81C566201977}"
EndProject
Global
	GlobalSection(SolutionConfigurationPlatforms) = preSolution
		Debug|Any CPU = Debug|Any CPU
		Release|Any CPU = Release|Any CPU
	EndGlobalSection
	GlobalSection(ProjectConfigurationPlatforms) = postSolution
		{2E20945E-4055-468B-B256-81C566201977}.Debug|Any CPU.ActiveCfg = Debug|Any CPU
		{2E20945E-4055-468B-B256-81C566201977}.Debug|Any CPU.Build.0 = Debug|Any CPU
		{2E20945E-4055-468B-B256-81C566201977}.Release|Any CPU.ActiveCfg = Release|Any CPU
		{2E20945E-4055-468B-B256-81C566201977}.Release|Any CPU.Build.0 = Release|Any CPU
	EndGlobalSection
	GlobalSection(SolutionProperties) = preSolution
		HideSolutionNode = FALSE
	EndGlobalSection
	GlobalSection(ExtensibilityGlobals) = postSolution
		SolutionGuid = {7E31AEC6-C60F-45B6-81B7-7FEE67A67BC6}
	EndGlobalSection
EndGlobal
